
Microsoft Visual Studio Solution File, Format Version 12.00
# Visual Studio Version 17
VisualStudioVersion = 17.3.32825.248
MinimumVisualStudioVersion = 10.0.40219.1
Project("{FAE04EC0-301F-11D3-BF4B-00C04F79EFBC}") = "Task_1", "Task_1\Task_1.csproj", "{302AFD9A-E475-4716-A4BC-237DCEE88C9B}"
EndProject
Project("{FAE04EC0-301F-11D3-BF4B-00C04F79EFBC}") = "Task_2", "Task_2\Task_2.csproj", "{69DC35B0-8D44-4B41-B755-385BA6E3457C}"
EndProject
Global
	GlobalSection(SolutionConfigurationPlatforms) = preSolution
		Debug|Any CPU = Debug|Any CPU
		Release|Any CPU = Release|Any CPU
	EndGlobalSection
	GlobalSection(ProjectConfigurationPlatforms) = postSolution
		{302AFD9A-E475-4716-A4BC-237DCEE88C9B}.Debug|Any CPU.ActiveCfg = Debug|Any CPU
		{302AFD9A-E475-4716-A4BC-237DCEE88C9B}.Debug|Any CPU.Build.0 = Debug|Any CPU
		{302AFD9A-E475-4716-A4BC-237DCEE88C9B}.Release|Any CPU.ActiveCfg = Release|Any CPU
		{302AFD9A-E475-4716-A4BC-237DCEE88C9B}.Release|Any CPU.Build.0 = Release|Any CPU
		{69DC35B0-8D44-4B41-B755-385BA6E3457C}.Debug|Any CPU.ActiveCfg = Debug|Any CPU
		{69DC35B0-8D44-4B41-B755-385BA6E3457C}.Debug|Any CPU.Build.0 = Debug|Any CPU
		{69DC35B0-8D44-4B41-B755-385BA6E3457C}.Release|Any CPU.ActiveCfg = Release|Any CPU
		{69DC35B0-8D44-4B41-B755-385BA6E3457C}.Release|Any CPU.Build.0 = Release|Any CPU
	EndGlobalSection
	GlobalSection(SolutionProperties) = preSolution
		HideSolutionNode = FALSE
	EndGlobalSection
	GlobalSection(ExtensibilityGlobals) = postSolution
		SolutionGuid = {F9960BC7-9E61-456D-A781-31257141F3DB}
	EndGlobalSection
EndGlobal
